
Microsoft Visual Studio Solution File, Format Version 12.00
# Visual Studio Version 17
VisualStudioVersion = 17.4.33213.308
MinimumVisualStudioVersion = 10.0.40219.1
Project("{9A19103F-16F7-4668-BE54-9A1E7A4F7556}") = "PW_Proyecto", "PW_Proyecto\PW_Proyecto.csproj", "{21FD1F17-1102-4760-B575-0F7C67C76B76}"
	ProjectSection(ProjectDependencies) = postProject
		{9F170F7B-A136-45DC-9AEB-5147ED9EBCA0} = {9F170F7B-A136-45DC-9AEB-5147ED9EBCA0}
	EndProjectSection
EndProject
Project("{9A19103F-16F7-4668-BE54-9A1E7A4F7556}") = "ModelosApp", "ModelosApp\ModelosApp.csproj", "{9F170F7B-A136-45DC-9AEB-5147ED9EBCA0}"
EndProject
Project("{9A19103F-16F7-4668-BE54-9A1E7A4F7556}") = "PW_API", "..\..\..\source\repos\PW_API\PW_API\PW_API.csproj", "{C3A34A0E-D75E-4B01-95AB-529FE7016207}"
EndProject
Global
	GlobalSection(SolutionConfigurationPlatforms) = preSolution
		Debug|Any CPU = Debug|Any CPU
		Release|Any CPU = Release|Any CPU
	EndGlobalSection
	GlobalSection(ProjectConfigurationPlatforms) = postSolution
		{21FD1F17-1102-4760-B575-0F7C67C76B76}.Debug|Any CPU.ActiveCfg = Debug|Any CPU
		{21FD1F17-1102-4760-B575-0F7C67C76B76}.Debug|Any CPU.Build.0 = Debug|Any CPU
		{21FD1F17-1102-4760-B575-0F7C67C76B76}.Release|Any CPU.ActiveCfg = Release|Any CPU
		{21FD1F17-1102-4760-B575-0F7C67C76B76}.Release|Any CPU.Build.0 = Release|Any CPU
		{9F170F7B-A136-45DC-9AEB-5147ED9EBCA0}.Debug|Any CPU.ActiveCfg = Debug|Any CPU
		{9F170F7B-A136-45DC-9AEB-5147ED9EBCA0}.Debug|Any CPU.Build.0 = Debug|Any CPU
		{9F170F7B-A136-45DC-9AEB-5147ED9EBCA0}.Release|Any CPU.ActiveCfg = Release|Any CPU
		{9F170F7B-A136-45DC-9AEB-5147ED9EBCA0}.Release|Any CPU.Build.0 = Release|Any CPU
		{C3A34A0E-D75E-4B01-95AB-529FE7016207}.Debug|Any CPU.ActiveCfg = Debug|Any CPU
		{C3A34A0E-D75E-4B01-95AB-529FE7016207}.Debug|Any CPU.Build.0 = Debug|Any CPU
		{C3A34A0E-D75E-4B01-95AB-529FE7016207}.Release|Any CPU.ActiveCfg = Release|Any CPU
		{C3A34A0E-D75E-4B01-95AB-529FE7016207}.Release|Any CPU.Build.0 = Release|Any CPU
	EndGlobalSection
	GlobalSection(SolutionProperties) = preSolution
		HideSolutionNode = FALSE
	EndGlobalSection
	GlobalSection(ExtensibilityGlobals) = postSolution
		SolutionGuid = {B7BAD3C1-C4D5-467E-AD32-45546111CB37}
	EndGlobalSection
EndGlobal
